// !$*UTF8*$!
{
	archiveVersion = 1;
	classes = {
	};
	objectVersion = 48;
	objects = {

/* Begin PBXBuildFile section */
		3DA271FC20F7D1E6001642D8 /* QueueManager.swift in Sources */ = {isa = PBXBuildFile; fileRef = 3DA271F920F7D1E6001642D8 /* QueueManager.swift */; };
		3DFEAD1F210DE0310076C30A /* QuestionsDataManager.swift in Sources */ = {isa = PBXBuildFile; fileRef = 3DFEAD1E210DE0310076C30A /* QuestionsDataManager.swift */; };
		3DFEAD21210DE0860076C30A /* Question.swift in Sources */ = {isa = PBXBuildFile; fileRef = 3DFEAD20210DE0860076C30A /* Question.swift */; };
		3DFEAD24210DE1040076C30A /* QuestionsRetrievalOperation.swift in Sources */ = {isa = PBXBuildFile; fileRef = 3DFEAD23210DE1040076C30A /* QuestionsRetrievalOperation.swift */; };
		3DFEAD26210DE14A0076C30A /* QuestionsURLRequestFactory.swift in Sources */ = {isa = PBXBuildFile; fileRef = 3DFEAD25210DE14A0076C30A /* QuestionsURLRequestFactory.swift */; };
		3DFEAD28210DE26C0076C30A /* QuestionsViewController.swift in Sources */ = {isa = PBXBuildFile; fileRef = 3DFEAD27210DE26C0076C30A /* QuestionsViewController.swift */; };
		3DFEAD2B210DE4B50076C30A /* QuestionTableViewCell.swift in Sources */ = {isa = PBXBuildFile; fileRef = 3DFEAD2A210DE4B50076C30A /* QuestionTableViewCell.swift */; };
		3DFEAD2F210DE5E60076C30A /* NSObject+Name.swift in Sources */ = {isa = PBXBuildFile; fileRef = 3DFEAD2E210DE5E60076C30A /* NSObject+Name.swift */; };
		3DFEAD31210E159E0076C30A /* User.swift in Sources */ = {isa = PBXBuildFile; fileRef = 3DFEAD30210E159E0076C30A /* User.swift */; };
		3DFEAD34210E1D060076C30A /* UserDataManager.swift in Sources */ = {isa = PBXBuildFile; fileRef = 3DFEAD33210E1D060076C30A /* UserDataManager.swift */; };
		3DFEAD37210E1DA10076C30A /* AvatarRetrievalOperation.swift in Sources */ = {isa = PBXBuildFile; fileRef = 3DFEAD36210E1DA10076C30A /* AvatarRetrievalOperation.swift */; };
		C21F1CB020F902E100D4138F /* ConcurrentOperation.swift in Sources */ = {isa = PBXBuildFile; fileRef = C21F1CA420F902E100D4138F /* ConcurrentOperation.swift */; };
		C21F1CB320F902E100D4138F /* URLRequest+HTTPBody.swift in Sources */ = {isa = PBXBuildFile; fileRef = C21F1CAC20F902E100D4138F /* URLRequest+HTTPBody.swift */; };
		C21F1CB420F902E100D4138F /* RequestConfig.swift in Sources */ = {isa = PBXBuildFile; fileRef = C21F1CAD20F902E100D4138F /* RequestConfig.swift */; };
		C21F1CB520F902E100D4138F /* URLRequestFactory.swift in Sources */ = {isa = PBXBuildFile; fileRef = C21F1CAE20F902E100D4138F /* URLRequestFactory.swift */; };
		C284F0A420F63CBB009AF6E9 /* AppDelegate.swift in Sources */ = {isa = PBXBuildFile; fileRef = C284F09820F63CBB009AF6E9 /* AppDelegate.swift */; };
		C284F0A620F63CBB009AF6E9 /* Assets.xcassets in Resources */ = {isa = PBXBuildFile; fileRef = C284F09C20F63CBB009AF6E9 /* Assets.xcassets */; };
		C284F0A720F63CBB009AF6E9 /* LaunchScreen.storyboard in Resources */ = {isa = PBXBuildFile; fileRef = C284F09E20F63CBB009AF6E9 /* LaunchScreen.storyboard */; };
		C284F0A820F63CBB009AF6E9 /* Main.storyboard in Resources */ = {isa = PBXBuildFile; fileRef = C284F0A020F63CBB009AF6E9 /* Main.storyboard */; };
		C297683F2112F9DD006ED0B7 /* Decodable+Safe.swift in Sources */ = {isa = PBXBuildFile; fileRef = C297683E2112F9DD006ED0B7 /* Decodable+Safe.swift */; };
		C29D5E2820F63BD60053D2AB /* NetworkingInOperations_ExampleTests.swift in Sources */ = {isa = PBXBuildFile; fileRef = C29D5E2720F63BD60053D2AB /* NetworkingInOperations_ExampleTests.swift */; };
/* End PBXBuildFile section */

/* Begin PBXContainerItemProxy section */
		C29D5E2420F63BD60053D2AB /* PBXContainerItemProxy */ = {
			isa = PBXContainerItemProxy;
			containerPortal = C29D5E0520F63BD40053D2AB /* Project object */;
			proxyType = 1;
			remoteGlobalIDString = C29D5E0C20F63BD50053D2AB;
			remoteInfo = "NetworkingInOperations-Example";
		};
/* End PBXContainerItemProxy section */

/* Begin PBXFileReference section */
		3DA271F920F7D1E6001642D8 /* QueueManager.swift */ = {isa = PBXFileReference; fileEncoding = 4; lastKnownFileType = sourcecode.swift; path = QueueManager.swift; sourceTree = "<group>"; };
		3DFEAD1E210DE0310076C30A /* QuestionsDataManager.swift */ = {isa = PBXFileReference; lastKnownFileType = sourcecode.swift; path = QuestionsDataManager.swift; sourceTree = "<group>"; };
		3DFEAD20210DE0860076C30A /* Question.swift */ = {isa = PBXFileReference; lastKnownFileType = sourcecode.swift; path = Question.swift; sourceTree = "<group>"; };
		3DFEAD23210DE1040076C30A /* QuestionsRetrievalOperation.swift */ = {isa = PBXFileReference; lastKnownFileType = sourcecode.swift; path = QuestionsRetrievalOperation.swift; sourceTree = "<group>"; };
		3DFEAD25210DE14A0076C30A /* QuestionsURLRequestFactory.swift */ = {isa = PBXFileReference; lastKnownFileType = sourcecode.swift; path = QuestionsURLRequestFactory.swift; sourceTree = "<group>"; };
		3DFEAD27210DE26C0076C30A /* QuestionsViewController.swift */ = {isa = PBXFileReference; lastKnownFileType = sourcecode.swift; path = QuestionsViewController.swift; sourceTree = "<group>"; };
		3DFEAD2A210DE4B50076C30A /* QuestionTableViewCell.swift */ = {isa = PBXFileReference; lastKnownFileType = sourcecode.swift; path = QuestionTableViewCell.swift; sourceTree = "<group>"; };
		3DFEAD2E210DE5E60076C30A /* NSObject+Name.swift */ = {isa = PBXFileReference; fileEncoding = 4; lastKnownFileType = sourcecode.swift; path = "NSObject+Name.swift"; sourceTree = "<group>"; };
		3DFEAD30210E159E0076C30A /* User.swift */ = {isa = PBXFileReference; lastKnownFileType = sourcecode.swift; path = User.swift; sourceTree = "<group>"; };
		3DFEAD33210E1D060076C30A /* UserDataManager.swift */ = {isa = PBXFileReference; lastKnownFileType = sourcecode.swift; path = UserDataManager.swift; sourceTree = "<group>"; };
		3DFEAD36210E1DA10076C30A /* AvatarRetrievalOperation.swift */ = {isa = PBXFileReference; lastKnownFileType = sourcecode.swift; path = AvatarRetrievalOperation.swift; sourceTree = "<group>"; };
		C21F1CA420F902E100D4138F /* ConcurrentOperation.swift */ = {isa = PBXFileReference; fileEncoding = 4; lastKnownFileType = sourcecode.swift; path = ConcurrentOperation.swift; sourceTree = "<group>"; };
		C21F1CAC20F902E100D4138F /* URLRequest+HTTPBody.swift */ = {isa = PBXFileReference; fileEncoding = 4; lastKnownFileType = sourcecode.swift; path = "URLRequest+HTTPBody.swift"; sourceTree = "<group>"; };
		C21F1CAD20F902E100D4138F /* RequestConfig.swift */ = {isa = PBXFileReference; fileEncoding = 4; lastKnownFileType = sourcecode.swift; path = RequestConfig.swift; sourceTree = "<group>"; };
		C21F1CAE20F902E100D4138F /* URLRequestFactory.swift */ = {isa = PBXFileReference; fileEncoding = 4; lastKnownFileType = sourcecode.swift; path = URLRequestFactory.swift; sourceTree = "<group>"; };
		C284F09820F63CBB009AF6E9 /* AppDelegate.swift */ = {isa = PBXFileReference; fileEncoding = 4; lastKnownFileType = sourcecode.swift; path = AppDelegate.swift; sourceTree = "<group>"; };
		C284F09920F63CBB009AF6E9 /* Info.plist */ = {isa = PBXFileReference; fileEncoding = 4; lastKnownFileType = text.plist.xml; path = Info.plist; sourceTree = "<group>"; };
		C284F09C20F63CBB009AF6E9 /* Assets.xcassets */ = {isa = PBXFileReference; lastKnownFileType = folder.assetcatalog; path = Assets.xcassets; sourceTree = "<group>"; };
		C284F09F20F63CBB009AF6E9 /* Base */ = {isa = PBXFileReference; lastKnownFileType = file.storyboard; name = Base; path = Base.lproj/LaunchScreen.storyboard; sourceTree = "<group>"; };
		C284F0A120F63CBB009AF6E9 /* Base */ = {isa = PBXFileReference; lastKnownFileType = file.storyboard; name = Base; path = Base.lproj/Main.storyboard; sourceTree = "<group>"; };
		C297683E2112F9DD006ED0B7 /* Decodable+Safe.swift */ = {isa = PBXFileReference; lastKnownFileType = sourcecode.swift; path = "Decodable+Safe.swift"; sourceTree = "<group>"; };
		C29D5E0D20F63BD50053D2AB /* NetworkingInOperations-Example.app */ = {isa = PBXFileReference; explicitFileType = wrapper.application; includeInIndex = 0; path = "NetworkingInOperations-Example.app"; sourceTree = BUILT_PRODUCTS_DIR; };
		C29D5E2320F63BD60053D2AB /* NetworkingInOperations-ExampleTests.xctest */ = {isa = PBXFileReference; explicitFileType = wrapper.cfbundle; includeInIndex = 0; path = "NetworkingInOperations-ExampleTests.xctest"; sourceTree = BUILT_PRODUCTS_DIR; };
		C29D5E2720F63BD60053D2AB /* NetworkingInOperations_ExampleTests.swift */ = {isa = PBXFileReference; lastKnownFileType = sourcecode.swift; path = NetworkingInOperations_ExampleTests.swift; sourceTree = "<group>"; };
		C29D5E2920F63BD60053D2AB /* Info.plist */ = {isa = PBXFileReference; lastKnownFileType = text.plist.xml; path = Info.plist; sourceTree = "<group>"; };
/* End PBXFileReference section */

/* Begin PBXFrameworksBuildPhase section */
		C29D5E0A20F63BD50053D2AB /* Frameworks */ = {
			isa = PBXFrameworksBuildPhase;
			buildActionMask = 2147483647;
			files = (
			);
			runOnlyForDeploymentPostprocessing = 0;
		};
		C29D5E2020F63BD60053D2AB /* Frameworks */ = {
			isa = PBXFrameworksBuildPhase;
			buildActionMask = 2147483647;
			files = (
			);
			runOnlyForDeploymentPostprocessing = 0;
		};
/* End PBXFrameworksBuildPhase section */

/* Begin PBXGroup section */
		3DA271F720F7D1E6001642D8 /* Managers */ = {
			isa = PBXGroup;
			children = (
				3DA271F820F7D1E6001642D8 /* Queue */,
			);
			path = Managers;
			sourceTree = "<group>";
		};
		3DA271F820F7D1E6001642D8 /* Queue */ = {
			isa = PBXGroup;
			children = (
				3DA271F920F7D1E6001642D8 /* QueueManager.swift */,
			);
			path = Queue;
			sourceTree = "<group>";
		};
		3DFEAD1D210DE00A0076C30A /* Questions */ = {
			isa = PBXGroup;
			children = (
				3DFEAD22210DE0F50076C30A /* Operations */,
				3DFEAD1E210DE0310076C30A /* QuestionsDataManager.swift */,
			);
			path = Questions;
			sourceTree = "<group>";
		};
		3DFEAD22210DE0F50076C30A /* Operations */ = {
			isa = PBXGroup;
			children = (
				3DFEAD23210DE1040076C30A /* QuestionsRetrievalOperation.swift */,
			);
			path = Operations;
			sourceTree = "<group>";
		};
		3DFEAD29210DE4A30076C30A /* Cells */ = {
			isa = PBXGroup;
			children = (
				3DFEAD2A210DE4B50076C30A /* QuestionTableViewCell.swift */,
			);
			path = Cells;
			sourceTree = "<group>";
		};
		3DFEAD2C210DE5B80076C30A /* Extensions */ = {
			isa = PBXGroup;
			children = (
				C297683D2112F9C7006ED0B7 /* Decodable */,
				3DFEAD2D210DE5B80076C30A /* NSObject */,
			);
			path = Extensions;
			sourceTree = "<group>";
		};
		3DFEAD2D210DE5B80076C30A /* NSObject */ = {
			isa = PBXGroup;
			children = (
				3DFEAD2E210DE5E60076C30A /* NSObject+Name.swift */,
			);
			path = NSObject;
			sourceTree = "<group>";
		};
		3DFEAD32210E1CF70076C30A /* User */ = {
			isa = PBXGroup;
			children = (
				3DFEAD35210E1D890076C30A /* Operations */,
				3DFEAD33210E1D060076C30A /* UserDataManager.swift */,
			);
			path = User;
			sourceTree = "<group>";
		};
		3DFEAD35210E1D890076C30A /* Operations */ = {
			isa = PBXGroup;
			children = (
				3DFEAD36210E1DA10076C30A /* AvatarRetrievalOperation.swift */,
			);
			path = Operations;
			sourceTree = "<group>";
		};
		C21F1CA220F902E100D4138F /* Data */ = {
			isa = PBXGroup;
			children = (
				C21F1CA320F902E100D4138F /* Abstract */,
				C21F1CA520F902E100D4138F /* Managers */,
				C21F1CB720F9049000D4138F /* Models */,
				C21F1CAA20F902E100D4138F /* Requests */,
			);
			path = Data;
			sourceTree = "<group>";
		};
		C21F1CA320F902E100D4138F /* Abstract */ = {
			isa = PBXGroup;
			children = (
				C21F1CA420F902E100D4138F /* ConcurrentOperation.swift */,
			);
			path = Abstract;
			sourceTree = "<group>";
		};
		C21F1CA520F902E100D4138F /* Managers */ = {
			isa = PBXGroup;
			children = (
				3DFEAD32210E1CF70076C30A /* User */,
				3DFEAD1D210DE00A0076C30A /* Questions */,
			);
			path = Managers;
			sourceTree = "<group>";
		};
		C21F1CAA20F902E100D4138F /* Requests */ = {
			isa = PBXGroup;
			children = (
				C21F1CAB20F902E100D4138F /* Abstract */,
				3DFEAD25210DE14A0076C30A /* QuestionsURLRequestFactory.swift */,
			);
			path = Requests;
			sourceTree = "<group>";
		};
		C21F1CAB20F902E100D4138F /* Abstract */ = {
			isa = PBXGroup;
			children = (
				C21F1CAC20F902E100D4138F /* URLRequest+HTTPBody.swift */,
				C21F1CAD20F902E100D4138F /* RequestConfig.swift */,
				C21F1CAE20F902E100D4138F /* URLRequestFactory.swift */,
			);
			path = Abstract;
			sourceTree = "<group>";
		};
		C21F1CB720F9049000D4138F /* Models */ = {
			isa = PBXGroup;
			children = (
				3DFEAD20210DE0860076C30A /* Question.swift */,
				3DFEAD30210E159E0076C30A /* User.swift */,
			);
			path = Models;
			sourceTree = "<group>";
		};
		C284F09420F63CBB009AF6E9 /* ViewControllers */ = {
			isa = PBXGroup;
			children = (
				3DFEAD29210DE4A30076C30A /* Cells */,
				3DFEAD27210DE26C0076C30A /* QuestionsViewController.swift */,
			);
			path = ViewControllers;
			sourceTree = "<group>";
		};
		C284F09720F63CBB009AF6E9 /* Application */ = {
			isa = PBXGroup;
			children = (
				C284F09820F63CBB009AF6E9 /* AppDelegate.swift */,
				C284F09920F63CBB009AF6E9 /* Info.plist */,
			);
			path = Application;
			sourceTree = "<group>";
		};
		C284F09A20F63CBB009AF6E9 /* Resources */ = {
			isa = PBXGroup;
			children = (
				C284F09B20F63CBB009AF6E9 /* Images */,
			);
			path = Resources;
			sourceTree = "<group>";
		};
		C284F09B20F63CBB009AF6E9 /* Images */ = {
			isa = PBXGroup;
			children = (
				C284F09C20F63CBB009AF6E9 /* Assets.xcassets */,
			);
			path = Images;
			sourceTree = "<group>";
		};
		C284F09D20F63CBB009AF6E9 /* Storyboards */ = {
			isa = PBXGroup;
			children = (
				C284F09E20F63CBB009AF6E9 /* LaunchScreen.storyboard */,
				C284F0A020F63CBB009AF6E9 /* Main.storyboard */,
			);
			path = Storyboards;
			sourceTree = "<group>";
		};
		C297683D2112F9C7006ED0B7 /* Decodable */ = {
			isa = PBXGroup;
			children = (
				C297683E2112F9DD006ED0B7 /* Decodable+Safe.swift */,
			);
			path = Decodable;
			sourceTree = "<group>";
		};
		C29D5E0420F63BD40053D2AB = {
			isa = PBXGroup;
			children = (
				C29D5E0F20F63BD50053D2AB /* NetworkingInOperations-Example */,
				C29D5E2620F63BD60053D2AB /* NetworkingInOperations-ExampleTests */,
				C29D5E0E20F63BD50053D2AB /* Products */,
			);
			sourceTree = "<group>";
		};
		C29D5E0E20F63BD50053D2AB /* Products */ = {
			isa = PBXGroup;
			children = (
				C29D5E0D20F63BD50053D2AB /* NetworkingInOperations-Example.app */,
				C29D5E2320F63BD60053D2AB /* NetworkingInOperations-ExampleTests.xctest */,
			);
			name = Products;
			sourceTree = "<group>";
		};
		C29D5E0F20F63BD50053D2AB /* NetworkingInOperations-Example */ = {
			isa = PBXGroup;
			children = (
				C284F09720F63CBB009AF6E9 /* Application */,
				C21F1CA220F902E100D4138F /* Data */,
				3DFEAD2C210DE5B80076C30A /* Extensions */,
				3DA271F720F7D1E6001642D8 /* Managers */,
				C284F09A20F63CBB009AF6E9 /* Resources */,
				C284F09D20F63CBB009AF6E9 /* Storyboards */,
				C284F09420F63CBB009AF6E9 /* ViewControllers */,
			);
			path = "NetworkingInOperations-Example";
			sourceTree = "<group>";
		};
		C29D5E2620F63BD60053D2AB /* NetworkingInOperations-ExampleTests */ = {
			isa = PBXGroup;
			children = (
				C29D5E2720F63BD60053D2AB /* NetworkingInOperations_ExampleTests.swift */,
				C29D5E2920F63BD60053D2AB /* Info.plist */,
			);
			path = "NetworkingInOperations-ExampleTests";
			sourceTree = "<group>";
		};
/* End PBXGroup section */

/* Begin PBXNativeTarget section */
		C29D5E0C20F63BD50053D2AB /* NetworkingInOperations-Example */ = {
			isa = PBXNativeTarget;
			buildConfigurationList = C29D5E2C20F63BD60053D2AB /* Build configuration list for PBXNativeTarget "NetworkingInOperations-Example" */;
			buildPhases = (
				C29D5E0920F63BD50053D2AB /* Sources */,
				C29D5E0A20F63BD50053D2AB /* Frameworks */,
				C29D5E0B20F63BD50053D2AB /* Resources */,
			);
			buildRules = (
			);
			dependencies = (
			);
			name = "NetworkingInOperations-Example";
			productName = "NetworkingInOperations-Example";
			productReference = C29D5E0D20F63BD50053D2AB /* NetworkingInOperations-Example.app */;
			productType = "com.apple.product-type.application";
		};
		C29D5E2220F63BD60053D2AB /* NetworkingInOperations-ExampleTests */ = {
			isa = PBXNativeTarget;
			buildConfigurationList = C29D5E2F20F63BD60053D2AB /* Build configuration list for PBXNativeTarget "NetworkingInOperations-ExampleTests" */;
			buildPhases = (
				C29D5E1F20F63BD60053D2AB /* Sources */,
				C29D5E2020F63BD60053D2AB /* Frameworks */,
				C29D5E2120F63BD60053D2AB /* Resources */,
			);
			buildRules = (
			);
			dependencies = (
				C29D5E2520F63BD60053D2AB /* PBXTargetDependency */,
			);
			name = "NetworkingInOperations-ExampleTests";
			productName = "NetworkingInOperations-ExampleTests";
			productReference = C29D5E2320F63BD60053D2AB /* NetworkingInOperations-ExampleTests.xctest */;
			productType = "com.apple.product-type.bundle.unit-test";
		};
/* End PBXNativeTarget section */

/* Begin PBXProject section */
		C29D5E0520F63BD40053D2AB /* Project object */ = {
			isa = PBXProject;
			attributes = {
				LastSwiftUpdateCheck = 0940;
				LastUpgradeCheck = 0940;
				ORGANIZATIONNAME = Boles;
				TargetAttributes = {
					C29D5E0C20F63BD50053D2AB = {
						CreatedOnToolsVersion = 9.4.1;
						ProvisioningStyle = Automatic;
					};
					C29D5E2220F63BD60053D2AB = {
						CreatedOnToolsVersion = 9.4.1;
						ProvisioningStyle = Automatic;
						TestTargetID = C29D5E0C20F63BD50053D2AB;
					};
				};
			};
			buildConfigurationList = C29D5E0820F63BD40053D2AB /* Build configuration list for PBXProject "NetworkingInOperations-Example" */;
			compatibilityVersion = "Xcode 8.0";
			developmentRegion = en;
			hasScannedForEncodings = 0;
			knownRegions = (
				en,
				Base,
			);
			mainGroup = C29D5E0420F63BD40053D2AB;
			productRefGroup = C29D5E0E20F63BD50053D2AB /* Products */;
			projectDirPath = "";
			projectRoot = "";
			targets = (
				C29D5E0C20F63BD50053D2AB /* NetworkingInOperations-Example */,
				C29D5E2220F63BD60053D2AB /* NetworkingInOperations-ExampleTests */,
			);
		};
/* End PBXProject section */

/* Begin PBXResourcesBuildPhase section */
		C29D5E0B20F63BD50053D2AB /* Resources */ = {
			isa = PBXResourcesBuildPhase;
			buildActionMask = 2147483647;
			files = (
				C284F0A720F63CBB009AF6E9 /* LaunchScreen.storyboard in Resources */,
				C284F0A620F63CBB009AF6E9 /* Assets.xcassets in Resources */,
				C284F0A820F63CBB009AF6E9 /* Main.storyboard in Resources */,
			);
			runOnlyForDeploymentPostprocessing = 0;
		};
		C29D5E2120F63BD60053D2AB /* Resources */ = {
			isa = PBXResourcesBuildPhase;
			buildActionMask = 2147483647;
			files = (
			);
			runOnlyForDeploymentPostprocessing = 0;
		};
/* End PBXResourcesBuildPhase section */

/* Begin PBXSourcesBuildPhase section */
		C29D5E0920F63BD50053D2AB /* Sources */ = {
			isa = PBXSourcesBuildPhase;
			buildActionMask = 2147483647;
			files = (
				C284F0A420F63CBB009AF6E9 /* AppDelegate.swift in Sources */,
				3DFEAD2B210DE4B50076C30A /* QuestionTableViewCell.swift in Sources */,
				3DFEAD37210E1DA10076C30A /* AvatarRetrievalOperation.swift in Sources */,
				C21F1CB320F902E100D4138F /* URLRequest+HTTPBody.swift in Sources */,
				3DFEAD1F210DE0310076C30A /* QuestionsDataManager.swift in Sources */,
				C297683F2112F9DD006ED0B7 /* Decodable+Safe.swift in Sources */,
				3DFEAD26210DE14A0076C30A /* QuestionsURLRequestFactory.swift in Sources */,
				3DFEAD21210DE0860076C30A /* Question.swift in Sources */,
				C21F1CB520F902E100D4138F /* URLRequestFactory.swift in Sources */,
				3DFEAD2F210DE5E60076C30A /* NSObject+Name.swift in Sources */,
				3DFEAD24210DE1040076C30A /* QuestionsRetrievalOperation.swift in Sources */,
				C21F1CB020F902E100D4138F /* ConcurrentOperation.swift in Sources */,
				3DFEAD34210E1D060076C30A /* UserDataManager.swift in Sources */,
				3DFEAD28210DE26C0076C30A /* QuestionsViewController.swift in Sources */,
				3DFEAD31210E159E0076C30A /* User.swift in Sources */,
				3DA271FC20F7D1E6001642D8 /* QueueManager.swift in Sources */,
				C21F1CB420F902E100D4138F /* RequestConfig.swift in Sources */,
			);
			runOnlyForDeploymentPostprocessing = 0;
		};
		C29D5E1F20F63BD60053D2AB /* Sources */ = {
			isa = PBXSourcesBuildPhase;
			buildActionMask = 2147483647;
			files = (
				C29D5E2820F63BD60053D2AB /* NetworkingInOperations_ExampleTests.swift in Sources */,
			);
			runOnlyForDeploymentPostprocessing = 0;
		};
/* End PBXSourcesBuildPhase section */

/* Begin PBXTargetDependency section */
		C29D5E2520F63BD60053D2AB /* PBXTargetDependency */ = {
			isa = PBXTargetDependency;
			target = C29D5E0C20F63BD50053D2AB /* NetworkingInOperations-Example */;
			targetProxy = C29D5E2420F63BD60053D2AB /* PBXContainerItemProxy */;
		};
/* End PBXTargetDependency section */

/* Begin PBXVariantGroup section */
		C284F09E20F63CBB009AF6E9 /* LaunchScreen.storyboard */ = {
			isa = PBXVariantGroup;
			children = (
				C284F09F20F63CBB009AF6E9 /* Base */,
			);
			name = LaunchScreen.storyboard;
			sourceTree = "<group>";
		};
		C284F0A020F63CBB009AF6E9 /* Main.storyboard */ = {
			isa = PBXVariantGroup;
			children = (
				C284F0A120F63CBB009AF6E9 /* Base */,
			);
			name = Main.storyboard;
			sourceTree = "<group>";
		};
/* End PBXVariantGroup section */

/* Begin XCBuildConfiguration section */
		C29D5E2A20F63BD60053D2AB /* Debug */ = {
			isa = XCBuildConfiguration;
			buildSettings = {
				ALWAYS_SEARCH_USER_PATHS = NO;
				CLANG_ANALYZER_NONNULL = YES;
				CLANG_ANALYZER_NUMBER_OBJECT_CONVERSION = YES_AGGRESSIVE;
				CLANG_CXX_LANGUAGE_STANDARD = "gnu++14";
				CLANG_CXX_LIBRARY = "libc++";
				CLANG_ENABLE_MODULES = YES;
				CLANG_ENABLE_OBJC_ARC = YES;
				CLANG_ENABLE_OBJC_WEAK = YES;
				CLANG_WARN_BLOCK_CAPTURE_AUTORELEASING = YES;
				CLANG_WARN_BOOL_CONVERSION = YES;
				CLANG_WARN_COMMA = YES;
				CLANG_WARN_CONSTANT_CONVERSION = YES;
				CLANG_WARN_DEPRECATED_OBJC_IMPLEMENTATIONS = YES;
				CLANG_WARN_DIRECT_OBJC_ISA_USAGE = YES_ERROR;
				CLANG_WARN_DOCUMENTATION_COMMENTS = YES;
				CLANG_WARN_EMPTY_BODY = YES;
				CLANG_WARN_ENUM_CONVERSION = YES;
				CLANG_WARN_INFINITE_RECURSION = YES;
				CLANG_WARN_INT_CONVERSION = YES;
				CLANG_WARN_NON_LITERAL_NULL_CONVERSION = YES;
				CLANG_WARN_OBJC_IMPLICIT_RETAIN_SELF = YES;
				CLANG_WARN_OBJC_LITERAL_CONVERSION = YES;
				CLANG_WARN_OBJC_ROOT_CLASS = YES_ERROR;
				CLANG_WARN_RANGE_LOOP_ANALYSIS = YES;
				CLANG_WARN_STRICT_PROTOTYPES = YES;
				CLANG_WARN_SUSPICIOUS_MOVE = YES;
				CLANG_WARN_UNGUARDED_AVAILABILITY = YES_AGGRESSIVE;
				CLANG_WARN_UNREACHABLE_CODE = YES;
				CLANG_WARN__DUPLICATE_METHOD_MATCH = YES;
				CODE_SIGN_IDENTITY = "iPhone Developer";
				COPY_PHASE_STRIP = NO;
				DEBUG_INFORMATION_FORMAT = dwarf;
				ENABLE_STRICT_OBJC_MSGSEND = YES;
				ENABLE_TESTABILITY = YES;
				GCC_C_LANGUAGE_STANDARD = gnu11;
				GCC_DYNAMIC_NO_PIC = NO;
				GCC_NO_COMMON_BLOCKS = YES;
				GCC_OPTIMIZATION_LEVEL = 0;
				GCC_PREPROCESSOR_DEFINITIONS = (
					"DEBUG=1",
					"$(inherited)",
				);
				GCC_WARN_64_TO_32_BIT_CONVERSION = YES;
				GCC_WARN_ABOUT_RETURN_TYPE = YES_ERROR;
				GCC_WARN_UNDECLARED_SELECTOR = YES;
				GCC_WARN_UNINITIALIZED_AUTOS = YES_AGGRESSIVE;
				GCC_WARN_UNUSED_FUNCTION = YES;
				GCC_WARN_UNUSED_VARIABLE = YES;
				IPHONEOS_DEPLOYMENT_TARGET = 10.0;
				MTL_ENABLE_DEBUG_INFO = YES;
				ONLY_ACTIVE_ARCH = YES;
				SDKROOT = iphoneos;
				SWIFT_ACTIVE_COMPILATION_CONDITIONS = DEBUG;
				SWIFT_OPTIMIZATION_LEVEL = "-Onone";
			};
			name = Debug;
		};
		C29D5E2B20F63BD60053D2AB /* Release */ = {
			isa = XCBuildConfiguration;
			buildSettings = {
				ALWAYS_SEARCH_USER_PATHS = NO;
				CLANG_ANALYZER_NONNULL = YES;
				CLANG_ANALYZER_NUMBER_OBJECT_CONVERSION = YES_AGGRESSIVE;
				CLANG_CXX_LANGUAGE_STANDARD = "gnu++14";
				CLANG_CXX_LIBRARY = "libc++";
				CLANG_ENABLE_MODULES = YES;
				CLANG_ENABLE_OBJC_ARC = YES;
				CLANG_ENABLE_OBJC_WEAK = YES;
				CLANG_WARN_BLOCK_CAPTURE_AUTORELEASING = YES;
				CLANG_WARN_BOOL_CONVERSION = YES;
				CLANG_WARN_COMMA = YES;
				CLANG_WARN_CONSTANT_CONVERSION = YES;
				CLANG_WARN_DEPRECATED_OBJC_IMPLEMENTATIONS = YES;
				CLANG_WARN_DIRECT_OBJC_ISA_USAGE = YES_ERROR;
				CLANG_WARN_DOCUMENTATION_COMMENTS = YES;
				CLANG_WARN_EMPTY_BODY = YES;
				CLANG_WARN_ENUM_CONVERSION = YES;
				CLANG_WARN_INFINITE_RECURSION = YES;
				CLANG_WARN_INT_CONVERSION = YES;
				CLANG_WARN_NON_LITERAL_NULL_CONVERSION = YES;
				CLANG_WARN_OBJC_IMPLICIT_RETAIN_SELF = YES;
				CLANG_WARN_OBJC_LITERAL_CONVERSION = YES;
				CLANG_WARN_OBJC_ROOT_CLASS = YES_ERROR;
				CLANG_WARN_RANGE_LOOP_ANALYSIS = YES;
				CLANG_WARN_STRICT_PROTOTYPES = YES;
				CLANG_WARN_SUSPICIOUS_MOVE = YES;
				CLANG_WARN_UNGUARDED_AVAILABILITY = YES_AGGRESSIVE;
				CLANG_WARN_UNREACHABLE_CODE = YES;
				CLANG_WARN__DUPLICATE_METHOD_MATCH = YES;
				CODE_SIGN_IDENTITY = "iPhone Developer";
				COPY_PHASE_STRIP = NO;
				DEBUG_INFORMATION_FORMAT = "dwarf-with-dsym";
				ENABLE_NS_ASSERTIONS = NO;
				ENABLE_STRICT_OBJC_MSGSEND = YES;
				GCC_C_LANGUAGE_STANDARD = gnu11;
				GCC_NO_COMMON_BLOCKS = YES;
				GCC_WARN_64_TO_32_BIT_CONVERSION = YES;
				GCC_WARN_ABOUT_RETURN_TYPE = YES_ERROR;
				GCC_WARN_UNDECLARED_SELECTOR = YES;
				GCC_WARN_UNINITIALIZED_AUTOS = YES_AGGRESSIVE;
				GCC_WARN_UNUSED_FUNCTION = YES;
				GCC_WARN_UNUSED_VARIABLE = YES;
				IPHONEOS_DEPLOYMENT_TARGET = 10.0;
				MTL_ENABLE_DEBUG_INFO = NO;
				SDKROOT = iphoneos;
				SWIFT_OPTIMIZATION_LEVEL = "-Owholemodule";
				VALIDATE_PRODUCT = YES;
			};
			name = Release;
		};
		C29D5E2D20F63BD60053D2AB /* Debug */ = {
			isa = XCBuildConfiguration;
			buildSettings = {
				ASSETCATALOG_COMPILER_APPICON_NAME = AppIcon;
				CODE_SIGN_STYLE = Automatic;
				INFOPLIST_FILE = "NetworkingInOperations-Example/Application/Info.plist";
				LD_RUNPATH_SEARCH_PATHS = "$(inherited) @executable_path/Frameworks";
				PRODUCT_BUNDLE_IDENTIFIER = "com.boles.NetworkingInOperations-Example";
				PRODUCT_NAME = "$(TARGET_NAME)";
				SWIFT_VERSION = 4.0;
				TARGETED_DEVICE_FAMILY = "1,2";
			};
			name = Debug;
		};
		C29D5E2E20F63BD60053D2AB /* Release */ = {
			isa = XCBuildConfiguration;
			buildSettings = {
				ASSETCATALOG_COMPILER_APPICON_NAME = AppIcon;
				CODE_SIGN_STYLE = Automatic;
				INFOPLIST_FILE = "NetworkingInOperations-Example/Application/Info.plist";
				LD_RUNPATH_SEARCH_PATHS = "$(inherited) @executable_path/Frameworks";
				PRODUCT_BUNDLE_IDENTIFIER = "com.boles.NetworkingInOperations-Example";
				PRODUCT_NAME = "$(TARGET_NAME)";
				SWIFT_VERSION = 4.0;
				TARGETED_DEVICE_FAMILY = "1,2";
			};
			name = Release;
		};
		C29D5E3020F63BD60053D2AB /* Debug */ = {
			isa = XCBuildConfiguration;
			buildSettings = {
				ALWAYS_EMBED_SWIFT_STANDARD_LIBRARIES = YES;
				BUNDLE_LOADER = "$(TEST_HOST)";
				CODE_SIGN_STYLE = Automatic;
				INFOPLIST_FILE = "NetworkingInOperations-ExampleTests/Info.plist";
				LD_RUNPATH_SEARCH_PATHS = "$(inherited) @executable_path/Frameworks @loader_path/Frameworks";
				PRODUCT_BUNDLE_IDENTIFIER = "com.boles.NetworkingInOperations-ExampleTests";
				PRODUCT_NAME = "$(TARGET_NAME)";
				SWIFT_VERSION = 4.0;
				TARGETED_DEVICE_FAMILY = "1,2";
				TEST_HOST = "$(BUILT_PRODUCTS_DIR)/NetworkingInOperations-Example.app/NetworkingInOperations-Example";
			};
			name = Debug;
		};
		C29D5E3120F63BD60053D2AB /* Release */ = {
			isa = XCBuildConfiguration;
			buildSettings = {
				ALWAYS_EMBED_SWIFT_STANDARD_LIBRARIES = YES;
				BUNDLE_LOADER = "$(TEST_HOST)";
				CODE_SIGN_STYLE = Automatic;
				INFOPLIST_FILE = "NetworkingInOperations-ExampleTests/Info.plist";
				LD_RUNPATH_SEARCH_PATHS = "$(inherited) @executable_path/Frameworks @loader_path/Frameworks";
				PRODUCT_BUNDLE_IDENTIFIER = "com.boles.NetworkingInOperations-ExampleTests";
				PRODUCT_NAME = "$(TARGET_NAME)";
				SWIFT_VERSION = 4.0;
				TARGETED_DEVICE_FAMILY = "1,2";
				TEST_HOST = "$(BUILT_PRODUCTS_DIR)/NetworkingInOperations-Example.app/NetworkingInOperations-Example";
			};
			name = Release;
		};
/* End XCBuildConfiguration section */

/* Begin XCConfigurationList section */
		C29D5E0820F63BD40053D2AB /* Build configuration list for PBXProject "NetworkingInOperations-Example" */ = {
			isa = XCConfigurationList;
			buildConfigurations = (
				C29D5E2A20F63BD60053D2AB /* Debug */,
				C29D5E2B20F63BD60053D2AB /* Release */,
			);
			defaultConfigurationIsVisible = 0;
			defaultConfigurationName = Release;
		};
		C29D5E2C20F63BD60053D2AB /* Build configuration list for PBXNativeTarget "NetworkingInOperations-Example" */ = {
			isa = XCConfigurationList;
			buildConfigurations = (
				C29D5E2D20F63BD60053D2AB /* Debug */,
				C29D5E2E20F63BD60053D2AB /* Release */,
			);
			defaultConfigurationIsVisible = 0;
			defaultConfigurationName = Release;
		};
		C29D5E2F20F63BD60053D2AB /* Build configuration list for PBXNativeTarget "NetworkingInOperations-ExampleTests" */ = {
			isa = XCConfigurationList;
			buildConfigurations = (
				C29D5E3020F63BD60053D2AB /* Debug */,
				C29D5E3120F63BD60053D2AB /* Release */,
			);
			defaultConfigurationIsVisible = 0;
			defaultConfigurationName = Release;
		};
/* End XCConfigurationList section */
	};
	rootObject = C29D5E0520F63BD40053D2AB /* Project object */;
}
